
Microsoft Visual Studio Solution File, Format Version 12.00
# Visual Studio 15
VisualStudioVersion = 15.0.28307.329
MinimumVisualStudioVersion = 10.0.40219.1
Project("{FAE04EC0-301F-11D3-BF4B-00C04F79EFBC}") = "WinFactor.Android", "WinFactor\WinFactor.Android\WinFactor.Android.csproj", "{D8F7641D-BEA0-4436-BFD3-6968D20875DE}"
EndProject
Project("{FAE04EC0-301F-11D3-BF4B-00C04F79EFBC}") = "WinFactor.iOS", "WinFactor\WinFactor.iOS\WinFactor.iOS.csproj", "{AA6044AC-A73F-4AF1-8290-43C7D65D617E}"
EndProject
Project("{FAE04EC0-301F-11D3-BF4B-00C04F79EFBC}") = "WinFactor.UWP", "WinFactor\WinFactor.UWP\WinFactor.UWP.csproj", "{48B3700D-FB01-472A-AF3A-05AC8B20EB9A}"
EndProject
Project("{FAE04EC0-301F-11D3-BF4B-00C04F79EFBC}") = "WinFactor", "WinFactor\WinFactor\WinFactor.csproj", "{0D3E617E-0C6A-423F-8EAF-D3962B7FA8D5}"
EndProject
Project("{FAE04EC0-301F-11D3-BF4B-00C04F79EFBC}") = "WinFactor.NUnitTest", "WinFactor.NUnitTest\WinFactor.NUnitTest.csproj", "{55C214C8-2C17-485C-AB5A-6DBC616A2030}"
EndProject
Global
	GlobalSection(SolutionConfigurationPlatforms) = preSolution
		Ad-Hoc|Any CPU = Ad-Hoc|Any CPU
		Ad-Hoc|ARM = Ad-Hoc|ARM
		Ad-Hoc|iPhone = Ad-Hoc|iPhone
		Ad-Hoc|iPhoneSimulator = Ad-Hoc|iPhoneSimulator
		Ad-Hoc|x64 = Ad-Hoc|x64
		Ad-Hoc|x86 = Ad-Hoc|x86
		AppStore|Any CPU = AppStore|Any CPU
		AppStore|ARM = AppStore|ARM
		AppStore|iPhone = AppStore|iPhone
		AppStore|iPhoneSimulator = AppStore|iPhoneSimulator
		AppStore|x64 = AppStore|x64
		AppStore|x86 = AppStore|x86
		Debug|Any CPU = Debug|Any CPU
		Debug|ARM = Debug|ARM
		Debug|iPhone = Debug|iPhone
		Debug|iPhoneSimulator = Debug|iPhoneSimulator
		Debug|x64 = Debug|x64
		Debug|x86 = Debug|x86
		Release|Any CPU = Release|Any CPU
		Release|ARM = Release|ARM
		Release|iPhone = Release|iPhone
		Release|iPhoneSimulator = Release|iPhoneSimulator
		Release|x64 = Release|x64
		Release|x86 = Release|x86
	EndGlobalSection
	GlobalSection(ProjectConfigurationPlatforms) = postSolution
		{D8F7641D-BEA0-4436-BFD3-6968D20875DE}.Ad-Hoc|Any CPU.ActiveCfg = Release|Any CPU
		{D8F7641D-BEA0-4436-BFD3-6968D20875DE}.Ad-Hoc|Any CPU.Build.0 = Release|Any CPU
		{D8F7641D-BEA0-4436-BFD3-6968D20875DE}.Ad-Hoc|Any CPU.Deploy.0 = Release|Any CPU
		{D8F7641D-BEA0-4436-BFD3-6968D20875DE}.Ad-Hoc|ARM.ActiveCfg = Release|Any CPU
		{D8F7641D-BEA0-4436-BFD3-6968D20875DE}.Ad-Hoc|ARM.Build.0 = Release|Any CPU
		{D8F7641D-BEA0-4436-BFD3-6968D20875DE}.Ad-Hoc|ARM.Deploy.0 = Release|Any CPU
		{D8F7641D-BEA0-4436-BFD3-6968D20875DE}.Ad-Hoc|iPhone.ActiveCfg = Release|Any CPU
		{D8F7641D-BEA0-4436-BFD3-6968D20875DE}.Ad-Hoc|iPhone.Build.0 = Release|Any CPU
		{D8F7641D-BEA0-4436-BFD3-6968D20875DE}.Ad-Hoc|iPhone.Deploy.0 = Release|Any CPU
		{D8F7641D-BEA0-4436-BFD3-6968D20875DE}.Ad-Hoc|iPhoneSimulator.ActiveCfg = Release|Any CPU
		{D8F7641D-BEA0-4436-BFD3-6968D20875DE}.Ad-Hoc|iPhoneSimulator.Build.0 = Release|Any CPU
		{D8F7641D-BEA0-4436-BFD3-6968D20875DE}.Ad-Hoc|iPhoneSimulator.Deploy.0 = Release|Any CPU
		{D8F7641D-BEA0-4436-BFD3-6968D20875DE}.Ad-Hoc|x64.ActiveCfg = Release|Any CPU
		{D8F7641D-BEA0-4436-BFD3-6968D20875DE}.Ad-Hoc|x64.Build.0 = Release|Any CPU
		{D8F7641D-BEA0-4436-BFD3-6968D20875DE}.Ad-Hoc|x64.Deploy.0 = Release|Any CPU
		{D8F7641D-BEA0-4436-BFD3-6968D20875DE}.Ad-Hoc|x86.ActiveCfg = Release|Any CPU
		{D8F7641D-BEA0-4436-BFD3-6968D20875DE}.Ad-Hoc|x86.Build.0 = Release|Any CPU
		{D8F7641D-BEA0-4436-BFD3-6968D20875DE}.Ad-Hoc|x86.Deploy.0 = Release|Any CPU
		{D8F7641D-BEA0-4436-BFD3-6968D20875DE}.AppStore|Any CPU.ActiveCfg = Release|Any CPU
		{D8F7641D-BEA0-4436-BFD3-6968D20875DE}.AppStore|Any CPU.Build.0 = Release|Any CPU
		{D8F7641D-BEA0-4436-BFD3-6968D20875DE}.AppStore|Any CPU.Deploy.0 = Release|Any CPU
		{D8F7641D-BEA0-4436-BFD3-6968D20875DE}.AppStore|ARM.ActiveCfg = Release|Any CPU
		{D8F7641D-BEA0-4436-BFD3-6968D20875DE}.AppStore|ARM.Build.0 = Release|Any CPU
		{D8F7641D-BEA0-4436-BFD3-6968D20875DE}.AppStore|ARM.Deploy.0 = Release|Any CPU
		{D8F7641D-BEA0-4436-BFD3-6968D20875DE}.AppStore|iPhone.ActiveCfg = Release|Any CPU
		{D8F7641D-BEA0-4436-BFD3-6968D20875DE}.AppStore|iPhone.Build.0 = Release|Any CPU
		{D8F7641D-BEA0-4436-BFD3-6968D20875DE}.AppStore|iPhone.Deploy.0 = Release|Any CPU
		{D8F7641D-BEA0-4436-BFD3-6968D20875DE}.AppStore|iPhoneSimulator.ActiveCfg = Release|Any CPU
		{D8F7641D-BEA0-4436-BFD3-6968D20875DE}.AppStore|iPhoneSimulator.Build.0 = Release|Any CPU
		{D8F7641D-BEA0-4436-BFD3-6968D20875DE}.AppStore|iPhoneSimulator.Deploy.0 = Release|Any CPU
		{D8F7641D-BEA0-4436-BFD3-6968D20875DE}.AppStore|x64.ActiveCfg = Release|Any CPU
		{D8F7641D-BEA0-4436-BFD3-6968D20875DE}.AppStore|x64.Build.0 = Release|Any CPU
		{D8F7641D-BEA0-4436-BFD3-6968D20875DE}.AppStore|x64.Deploy.0 = Release|Any CPU
		{D8F7641D-BEA0-4436-BFD3-6968D20875DE}.AppStore|x86.ActiveCfg = Release|Any CPU
		{D8F7641D-BEA0-4436-BFD3-6968D20875DE}.AppStore|x86.Build.0 = Release|Any CPU
		{D8F7641D-BEA0-4436-BFD3-6968D20875DE}.AppStore|x86.Deploy.0 = Release|Any CPU
		{D8F7641D-BEA0-4436-BFD3-6968D20875DE}.Debug|Any CPU.ActiveCfg = Debug|Any CPU
		{D8F7641D-BEA0-4436-BFD3-6968D20875DE}.Debug|Any CPU.Build.0 = Debug|Any CPU
		{D8F7641D-BEA0-4436-BFD3-6968D20875DE}.Debug|Any CPU.Deploy.0 = Debug|Any CPU
		{D8F7641D-BEA0-4436-BFD3-6968D20875DE}.Debug|ARM.ActiveCfg = Debug|Any CPU
		{D8F7641D-BEA0-4436-BFD3-6968D20875DE}.Debug|ARM.Build.0 = Debug|Any CPU
		{D8F7641D-BEA0-4436-BFD3-6968D20875DE}.Debug|ARM.Deploy.0 = Debug|Any CPU
		{D8F7641D-BEA0-4436-BFD3-6968D20875DE}.Debug|iPhone.ActiveCfg = Debug|Any CPU
		{D8F7641D-BEA0-4436-BFD3-6968D20875DE}.Debug|iPhone.Build.0 = Debug|Any CPU
		{D8F7641D-BEA0-4436-BFD3-6968D20875DE}.Debug|iPhone.Deploy.0 = Debug|Any CPU
		{D8F7641D-BEA0-4436-BFD3-6968D20875DE}.Debug|iPhoneSimulator.ActiveCfg = Debug|Any CPU
		{D8F7641D-BEA0-4436-BFD3-6968D20875DE}.Debug|iPhoneSimulator.Build.0 = Debug|Any CPU
		{D8F7641D-BEA0-4436-BFD3-6968D20875DE}.Debug|iPhoneSimulator.Deploy.0 = Debug|Any CPU
		{D8F7641D-BEA0-4436-BFD3-6968D20875DE}.Debug|x64.ActiveCfg = Debug|Any CPU
		{D8F7641D-BEA0-4436-BFD3-6968D20875DE}.Debug|x64.Build.0 = Debug|Any CPU
		{D8F7641D-BEA0-4436-BFD3-6968D20875DE}.Debug|x64.Deploy.0 = Debug|Any CPU
		{D8F7641D-BEA0-4436-BFD3-6968D20875DE}.Debug|x86.ActiveCfg = Debug|Any CPU
		{D8F7641D-BEA0-4436-BFD3-6968D20875DE}.Debug|x86.Build.0 = Debug|Any CPU
		{D8F7641D-BEA0-4436-BFD3-6968D20875DE}.Debug|x86.Deploy.0 = Debug|Any CPU
		{D8F7641D-BEA0-4436-BFD3-6968D20875DE}.Release|Any CPU.ActiveCfg = Release|Any CPU
		{D8F7641D-BEA0-4436-BFD3-6968D20875DE}.Release|Any CPU.Build.0 = Release|Any CPU
		{D8F7641D-BEA0-4436-BFD3-6968D20875DE}.Release|Any CPU.Deploy.0 = Release|Any CPU
		{D8F7641D-BEA0-4436-BFD3-6968D20875DE}.Release|ARM.ActiveCfg = Release|Any CPU
		{D8F7641D-BEA0-4436-BFD3-6968D20875DE}.Release|ARM.Build.0 = Release|Any CPU
		{D8F7641D-BEA0-4436-BFD3-6968D20875DE}.Release|ARM.Deploy.0 = Release|Any CPU
		{D8F7641D-BEA0-4436-BFD3-6968D20875DE}.Release|iPhone.ActiveCfg = Release|Any CPU
		{D8F7641D-BEA0-4436-BFD3-6968D20875DE}.Release|iPhone.Build.0 = Release|Any CPU
		{D8F7641D-BEA0-4436-BFD3-6968D20875DE}.Release|iPhone.Deploy.0 = Release|Any CPU
		{D8F7641D-BEA0-4436-BFD3-6968D20875DE}.Release|iPhoneSimulator.ActiveCfg = Release|Any CPU
		{D8F7641D-BEA0-4436-BFD3-6968D20875DE}.Release|iPhoneSimulator.Build.0 = Release|Any CPU
		{D8F7641D-BEA0-4436-BFD3-6968D20875DE}.Release|iPhoneSimulator.Deploy.0 = Release|Any CPU
		{D8F7641D-BEA0-4436-BFD3-6968D20875DE}.Release|x64.ActiveCfg = Release|Any CPU
		{D8F7641D-BEA0-4436-BFD3-6968D20875DE}.Release|x64.Build.0 = Release|Any CPU
		{D8F7641D-BEA0-4436-BFD3-6968D20875DE}.Release|x64.Deploy.0 = Release|Any CPU
		{D8F7641D-BEA0-4436-BFD3-6968D20875DE}.Release|x86.ActiveCfg = Release|Any CPU
		{D8F7641D-BEA0-4436-BFD3-6968D20875DE}.Release|x86.Build.0 = Release|Any CPU
		{D8F7641D-BEA0-4436-BFD3-6968D20875DE}.Release|x86.Deploy.0 = Release|Any CPU
		{AA6044AC-A73F-4AF1-8290-43C7D65D617E}.Ad-Hoc|Any CPU.ActiveCfg = Ad-Hoc|iPhone
		{AA6044AC-A73F-4AF1-8290-43C7D65D617E}.Ad-Hoc|Any CPU.Build.0 = Ad-Hoc|iPhone
		{AA6044AC-A73F-4AF1-8290-43C7D65D617E}.Ad-Hoc|Any CPU.Deploy.0 = Ad-Hoc|iPhone
		{AA6044AC-A73F-4AF1-8290-43C7D65D617E}.Ad-Hoc|ARM.ActiveCfg = Ad-Hoc|iPhone
		{AA6044AC-A73F-4AF1-8290-43C7D65D617E}.Ad-Hoc|ARM.Build.0 = Ad-Hoc|iPhone
		{AA6044AC-A73F-4AF1-8290-43C7D65D617E}.Ad-Hoc|ARM.Deploy.0 = Ad-Hoc|iPhone
		{AA6044AC-A73F-4AF1-8290-43C7D65D617E}.Ad-Hoc|iPhone.ActiveCfg = Ad-Hoc|iPhone
		{AA6044AC-A73F-4AF1-8290-43C7D65D617E}.Ad-Hoc|iPhone.Build.0 = Ad-Hoc|iPhone
		{AA6044AC-A73F-4AF1-8290-43C7D65D617E}.Ad-Hoc|iPhone.Deploy.0 = Ad-Hoc|iPhone
		{AA6044AC-A73F-4AF1-8290-43C7D65D617E}.Ad-Hoc|iPhoneSimulator.ActiveCfg = Ad-Hoc|iPhoneSimulator
		{AA6044AC-A73F-4AF1-8290-43C7D65D617E}.Ad-Hoc|iPhoneSimulator.Build.0 = Ad-Hoc|iPhoneSimulator
		{AA6044AC-A73F-4AF1-8290-43C7D65D617E}.Ad-Hoc|iPhoneSimulator.Deploy.0 = Ad-Hoc|iPhoneSimulator
		{AA6044AC-A73F-4AF1-8290-43C7D65D617E}.Ad-Hoc|x64.ActiveCfg = Ad-Hoc|iPhone
		{AA6044AC-A73F-4AF1-8290-43C7D65D617E}.Ad-Hoc|x64.Build.0 = Ad-Hoc|iPhone
		{AA6044AC-A73F-4AF1-8290-43C7D65D617E}.Ad-Hoc|x64.Deploy.0 = Ad-Hoc|iPhone
		{AA6044AC-A73F-4AF1-8290-43C7D65D617E}.Ad-Hoc|x86.ActiveCfg = Ad-Hoc|iPhone
		{AA6044AC-A73F-4AF1-8290-43C7D65D617E}.Ad-Hoc|x86.Build.0 = Ad-Hoc|iPhone
		{AA6044AC-A73F-4AF1-8290-43C7D65D617E}.Ad-Hoc|x86.Deploy.0 = Ad-Hoc|iPhone
		{AA6044AC-A73F-4AF1-8290-43C7D65D617E}.AppStore|Any CPU.ActiveCfg = AppStore|iPhone
		{AA6044AC-A73F-4AF1-8290-43C7D65D617E}.AppStore|Any CPU.Build.0 = AppStore|iPhone
		{AA6044AC-A73F-4AF1-8290-43C7D65D617E}.AppStore|Any CPU.Deploy.0 = AppStore|iPhone
		{AA6044AC-A73F-4AF1-8290-43C7D65D617E}.AppStore|ARM.ActiveCfg = AppStore|iPhone
		{AA6044AC-A73F-4AF1-8290-43C7D65D617E}.AppStore|ARM.Build.0 = AppStore|iPhone
		{AA6044AC-A73F-4AF1-8290-43C7D65D617E}.AppStore|ARM.Deploy.0 = AppStore|iPhone
		{AA6044AC-A73F-4AF1-8290-43C7D65D617E}.AppStore|iPhone.ActiveCfg = AppStore|iPhone
		{AA6044AC-A73F-4AF1-8290-43C7D65D617E}.AppStore|iPhone.Build.0 = AppStore|iPhone
		{AA6044AC-A73F-4AF1-8290-43C7D65D617E}.AppStore|iPhone.Deploy.0 = AppStore|iPhone
		{AA6044AC-A73F-4AF1-8290-43C7D65D617E}.AppStore|iPhoneSimulator.ActiveCfg = AppStore|iPhoneSimulator
		{AA6044AC-A73F-4AF1-8290-43C7D65D617E}.AppStore|iPhoneSimulator.Build.0 = AppStore|iPhoneSimulator
		{AA6044AC-A73F-4AF1-8290-43C7D65D617E}.AppStore|iPhoneSimulator.Deploy.0 = AppStore|iPhoneSimulator
		{AA6044AC-A73F-4AF1-8290-43C7D65D617E}.AppStore|x64.ActiveCfg = AppStore|iPhone
		{AA6044AC-A73F-4AF1-8290-43C7D65D617E}.AppStore|x64.Build.0 = AppStore|iPhone
		{AA6044AC-A73F-4AF1-8290-43C7D65D617E}.AppStore|x64.Deploy.0 = AppStore|iPhone
		{AA6044AC-A73F-4AF1-8290-43C7D65D617E}.AppStore|x86.ActiveCfg = AppStore|iPhone
		{AA6044AC-A73F-4AF1-8290-43C7D65D617E}.AppStore|x86.Build.0 = AppStore|iPhone
		{AA6044AC-A73F-4AF1-8290-43C7D65D617E}.AppStore|x86.Deploy.0 = AppStore|iPhone
		{AA6044AC-A73F-4AF1-8290-43C7D65D617E}.Debug|Any CPU.ActiveCfg = Debug|iPhoneSimulator
		{AA6044AC-A73F-4AF1-8290-43C7D65D617E}.Debug|Any CPU.Build.0 = Debug|iPhoneSimulator
		{AA6044AC-A73F-4AF1-8290-43C7D65D617E}.Debug|Any CPU.Deploy.0 = Debug|iPhoneSimulator
		{AA6044AC-A73F-4AF1-8290-43C7D65D617E}.Debug|ARM.ActiveCfg = Debug|iPhone
		{AA6044AC-A73F-4AF1-8290-43C7D65D617E}.Debug|ARM.Build.0 = Debug|iPhone
		{AA6044AC-A73F-4AF1-8290-43C7D65D617E}.Debug|ARM.Deploy.0 = Debug|iPhone
		{AA6044AC-A73F-4AF1-8290-43C7D65D617E}.Debug|iPhone.ActiveCfg = Debug|iPhone
		{AA6044AC-A73F-4AF1-8290-43C7D65D617E}.Debug|iPhone.Build.0 = Debug|iPhone
		{AA6044AC-A73F-4AF1-8290-43C7D65D617E}.Debug|iPhone.Deploy.0 = Debug|iPhone
		{AA6044AC-A73F-4AF1-8290-43C7D65D617E}.Debug|iPhoneSimulator.ActiveCfg = Debug|iPhoneSimulator
		{AA6044AC-A73F-4AF1-8290-43C7D65D617E}.Debug|iPhoneSimulator.Build.0 = Debug|iPhoneSimulator
		{AA6044AC-A73F-4AF1-8290-43C7D65D617E}.Debug|iPhoneSimulator.Deploy.0 = Debug|iPhoneSimulator
		{AA6044AC-A73F-4AF1-8290-43C7D65D617E}.Debug|x64.ActiveCfg = Debug|iPhone
		{AA6044AC-A73F-4AF1-8290-43C7D65D617E}.Debug|x64.Build.0 = Debug|iPhone
		{AA6044AC-A73F-4AF1-8290-43C7D65D617E}.Debug|x64.Deploy.0 = Debug|iPhone
		{AA6044AC-A73F-4AF1-8290-43C7D65D617E}.Debug|x86.ActiveCfg = Debug|iPhone
		{AA6044AC-A73F-4AF1-8290-43C7D65D617E}.Debug|x86.Build.0 = Debug|iPhone
		{AA6044AC-A73F-4AF1-8290-43C7D65D617E}.Debug|x86.Deploy.0 = Debug|iPhone
		{AA6044AC-A73F-4AF1-8290-43C7D65D617E}.Release|Any CPU.ActiveCfg = Release|iPhone
		{AA6044AC-A73F-4AF1-8290-43C7D65D617E}.Release|Any CPU.Build.0 = Release|iPhone
		{AA6044AC-A73F-4AF1-8290-43C7D65D617E}.Release|Any CPU.Deploy.0 = Release|iPhone
		{AA6044AC-A73F-4AF1-8290-43C7D65D617E}.Release|ARM.ActiveCfg = Release|iPhone
		{AA6044AC-A73F-4AF1-8290-43C7D65D617E}.Release|ARM.Build.0 = Release|iPhone
		{AA6044AC-A73F-4AF1-8290-43C7D65D617E}.Release|ARM.Deploy.0 = Release|iPhone
		{AA6044AC-A73F-4AF1-8290-43C7D65D617E}.Release|iPhone.ActiveCfg = Release|iPhone
		{AA6044AC-A73F-4AF1-8290-43C7D65D617E}.Release|iPhone.Build.0 = Release|iPhone
		{AA6044AC-A73F-4AF1-8290-43C7D65D617E}.Release|iPhone.Deploy.0 = Release|iPhone
		{AA6044AC-A73F-4AF1-8290-43C7D65D617E}.Release|iPhoneSimulator.ActiveCfg = Release|iPhoneSimulator
		{AA6044AC-A73F-4AF1-8290-43C7D65D617E}.Release|iPhoneSimulator.Build.0 = Release|iPhoneSimulator
		{AA6044AC-A73F-4AF1-8290-43C7D65D617E}.Release|iPhoneSimulator.Deploy.0 = Release|iPhoneSimulator
		{AA6044AC-A73F-4AF1-8290-43C7D65D617E}.Release|x64.ActiveCfg = Release|iPhone
		{AA6044AC-A73F-4AF1-8290-43C7D65D617E}.Release|x64.Build.0 = Release|iPhone
		{AA6044AC-A73F-4AF1-8290-43C7D65D617E}.Release|x64.Deploy.0 = Release|iPhone
		{AA6044AC-A73F-4AF1-8290-43C7D65D617E}.Release|x86.ActiveCfg = Release|iPhone
		{AA6044AC-A73F-4AF1-8290-43C7D65D617E}.Release|x86.Build.0 = Release|iPhone
		{AA6044AC-A73F-4AF1-8290-43C7D65D617E}.Release|x86.Deploy.0 = Release|iPhone
		{48B3700D-FB01-472A-AF3A-05AC8B20EB9A}.Ad-Hoc|Any CPU.ActiveCfg = Release|x86
		{48B3700D-FB01-472A-AF3A-05AC8B20EB9A}.Ad-Hoc|Any CPU.Build.0 = Release|x86
		{48B3700D-FB01-472A-AF3A-05AC8B20EB9A}.Ad-Hoc|Any CPU.Deploy.0 = Release|x86
		{48B3700D-FB01-472A-AF3A-05AC8B20EB9A}.Ad-Hoc|ARM.ActiveCfg = Release|ARM
		{48B3700D-FB01-472A-AF3A-05AC8B20EB9A}.Ad-Hoc|ARM.Build.0 = Release|ARM
		{48B3700D-FB01-472A-AF3A-05AC8B20EB9A}.Ad-Hoc|ARM.Deploy.0 = Release|ARM
		{48B3700D-FB01-472A-AF3A-05AC8B20EB9A}.Ad-Hoc|iPhone.ActiveCfg = Release|x86
		{48B3700D-FB01-472A-AF3A-05AC8B20EB9A}.Ad-Hoc|iPhone.Build.0 = Release|x86
		{48B3700D-FB01-472A-AF3A-05AC8B20EB9A}.Ad-Hoc|iPhone.Deploy.0 = Release|x86
		{48B3700D-FB01-472A-AF3A-05AC8B20EB9A}.Ad-Hoc|iPhoneSimulator.ActiveCfg = Release|x86
		{48B3700D-FB01-472A-AF3A-05AC8B20EB9A}.Ad-Hoc|iPhoneSimulator.Build.0 = Release|x86
		{48B3700D-FB01-472A-AF3A-05AC8B20EB9A}.Ad-Hoc|iPhoneSimulator.Deploy.0 = Release|x86
		{48B3700D-FB01-472A-AF3A-05AC8B20EB9A}.Ad-Hoc|x64.ActiveCfg = Release|x64
		{48B3700D-FB01-472A-AF3A-05AC8B20EB9A}.Ad-Hoc|x64.Build.0 = Release|x64
		{48B3700D-FB01-472A-AF3A-05AC8B20EB9A}.Ad-Hoc|x64.Deploy.0 = Release|x64
		{48B3700D-FB01-472A-AF3A-05AC8B20EB9A}.Ad-Hoc|x86.ActiveCfg = Release|x86
		{48B3700D-FB01-472A-AF3A-05AC8B20EB9A}.Ad-Hoc|x86.Build.0 = Release|x86
		{48B3700D-FB01-472A-AF3A-05AC8B20EB9A}.Ad-Hoc|x86.Deploy.0 = Release|x86
		{48B3700D-FB01-472A-AF3A-05AC8B20EB9A}.AppStore|Any CPU.ActiveCfg = Release|x86
		{48B3700D-FB01-472A-AF3A-05AC8B20EB9A}.AppStore|Any CPU.Build.0 = Release|x86
		{48B3700D-FB01-472A-AF3A-05AC8B20EB9A}.AppStore|Any CPU.Deploy.0 = Release|x86
		{48B3700D-FB01-472A-AF3A-05AC8B20EB9A}.AppStore|ARM.ActiveCfg = Release|ARM
		{48B3700D-FB01-472A-AF3A-05AC8B20EB9A}.AppStore|ARM.Build.0 = Release|ARM
		{48B3700D-FB01-472A-AF3A-05AC8B20EB9A}.AppStore|ARM.Deploy.0 = Release|ARM
		{48B3700D-FB01-472A-AF3A-05AC8B20EB9A}.AppStore|iPhone.ActiveCfg = Release|x86
		{48B3700D-FB01-472A-AF3A-05AC8B20EB9A}.AppStore|iPhone.Build.0 = Release|x86
		{48B3700D-FB01-472A-AF3A-05AC8B20EB9A}.AppStore|iPhone.Deploy.0 = Release|x86
		{48B3700D-FB01-472A-AF3A-05AC8B20EB9A}.AppStore|iPhoneSimulator.ActiveCfg = Release|x86
		{48B3700D-FB01-472A-AF3A-05AC8B20EB9A}.AppStore|iPhoneSimulator.Build.0 = Release|x86
		{48B3700D-FB01-472A-AF3A-05AC8B20EB9A}.AppStore|iPhoneSimulator.Deploy.0 = Release|x86
		{48B3700D-FB01-472A-AF3A-05AC8B20EB9A}.AppStore|x64.ActiveCfg = Release|x64
		{48B3700D-FB01-472A-AF3A-05AC8B20EB9A}.AppStore|x64.Build.0 = Release|x64
		{48B3700D-FB01-472A-AF3A-05AC8B20EB9A}.AppStore|x64.Deploy.0 = Release|x64
		{48B3700D-FB01-472A-AF3A-05AC8B20EB9A}.AppStore|x86.ActiveCfg = Release|x86
		{48B3700D-FB01-472A-AF3A-05AC8B20EB9A}.AppStore|x86.Build.0 = Release|x86
		{48B3700D-FB01-472A-AF3A-05AC8B20EB9A}.AppStore|x86.Deploy.0 = Release|x86
		{48B3700D-FB01-472A-AF3A-05AC8B20EB9A}.Debug|Any CPU.ActiveCfg = Debug|x86
		{48B3700D-FB01-472A-AF3A-05AC8B20EB9A}.Debug|Any CPU.Build.0 = Debug|x86
		{48B3700D-FB01-472A-AF3A-05AC8B20EB9A}.Debug|Any CPU.Deploy.0 = Debug|x86
		{48B3700D-FB01-472A-AF3A-05AC8B20EB9A}.Debug|ARM.ActiveCfg = Debug|ARM
		{48B3700D-FB01-472A-AF3A-05AC8B20EB9A}.Debug|ARM.Build.0 = Debug|ARM
		{48B3700D-FB01-472A-AF3A-05AC8B20EB9A}.Debug|ARM.Deploy.0 = Debug|ARM
		{48B3700D-FB01-472A-AF3A-05AC8B20EB9A}.Debug|iPhone.ActiveCfg = Debug|x86
		{48B3700D-FB01-472A-AF3A-05AC8B20EB9A}.Debug|iPhone.Build.0 = Debug|x86
		{48B3700D-FB01-472A-AF3A-05AC8B20EB9A}.Debug|iPhone.Deploy.0 = Debug|x86
		{48B3700D-FB01-472A-AF3A-05AC8B20EB9A}.Debug|iPhoneSimulator.ActiveCfg = Debug|x86
		{48B3700D-FB01-472A-AF3A-05AC8B20EB9A}.Debug|iPhoneSimulator.Build.0 = Debug|x86
		{48B3700D-FB01-472A-AF3A-05AC8B20EB9A}.Debug|iPhoneSimulator.Deploy.0 = Debug|x86
		{48B3700D-FB01-472A-AF3A-05AC8B20EB9A}.Debug|x64.ActiveCfg = Debug|x64
		{48B3700D-FB01-472A-AF3A-05AC8B20EB9A}.Debug|x64.Build.0 = Debug|x64
		{48B3700D-FB01-472A-AF3A-05AC8B20EB9A}.Debug|x64.Deploy.0 = Debug|x64
		{48B3700D-FB01-472A-AF3A-05AC8B20EB9A}.Debug|x86.ActiveCfg = Debug|x86
		{48B3700D-FB01-472A-AF3A-05AC8B20EB9A}.Debug|x86.Build.0 = Debug|x86
		{48B3700D-FB01-472A-AF3A-05AC8B20EB9A}.Debug|x86.Deploy.0 = Debug|x86
		{48B3700D-FB01-472A-AF3A-05AC8B20EB9A}.Release|Any CPU.ActiveCfg = Release|x86
		{48B3700D-FB01-472A-AF3A-05AC8B20EB9A}.Release|Any CPU.Build.0 = Release|x86
		{48B3700D-FB01-472A-AF3A-05AC8B20EB9A}.Release|Any CPU.Deploy.0 = Release|x86
		{48B3700D-FB01-472A-AF3A-05AC8B20EB9A}.Release|ARM.ActiveCfg = Release|ARM
		{48B3700D-FB01-472A-AF3A-05AC8B20EB9A}.Release|ARM.Build.0 = Release|ARM
		{48B3700D-FB01-472A-AF3A-05AC8B20EB9A}.Release|ARM.Deploy.0 = Release|ARM
		{48B3700D-FB01-472A-AF3A-05AC8B20EB9A}.Release|iPhone.ActiveCfg = Release|x86
		{48B3700D-FB01-472A-AF3A-05AC8B20EB9A}.Release|iPhone.Build.0 = Release|x86
		{48B3700D-FB01-472A-AF3A-05AC8B20EB9A}.Release|iPhone.Deploy.0 = Release|x86
		{48B3700D-FB01-472A-AF3A-05AC8B20EB9A}.Release|iPhoneSimulator.ActiveCfg = Release|x86
		{48B3700D-FB01-472A-AF3A-05AC8B20EB9A}.Release|iPhoneSimulator.Build.0 = Release|x86
		{48B3700D-FB01-472A-AF3A-05AC8B20EB9A}.Release|iPhoneSimulator.Deploy.0 = Release|x86
		{48B3700D-FB01-472A-AF3A-05AC8B20EB9A}.Release|x64.ActiveCfg = Release|x64
		{48B3700D-FB01-472A-AF3A-05AC8B20EB9A}.Release|x64.Build.0 = Release|x64
		{48B3700D-FB01-472A-AF3A-05AC8B20EB9A}.Release|x64.Deploy.0 = Release|x64
		{48B3700D-FB01-472A-AF3A-05AC8B20EB9A}.Release|x86.ActiveCfg = Release|x86
		{48B3700D-FB01-472A-AF3A-05AC8B20EB9A}.Release|x86.Build.0 = Release|x86
		{48B3700D-FB01-472A-AF3A-05AC8B20EB9A}.Release|x86.Deploy.0 = Release|x86
		{0D3E617E-0C6A-423F-8EAF-D3962B7FA8D5}.Ad-Hoc|Any CPU.ActiveCfg = Debug|Any CPU
		{0D3E617E-0C6A-423F-8EAF-D3962B7FA8D5}.Ad-Hoc|Any CPU.Build.0 = Debug|Any CPU
		{0D3E617E-0C6A-423F-8EAF-D3962B7FA8D5}.Ad-Hoc|Any CPU.Deploy.0 = Debug|Any CPU
		{0D3E617E-0C6A-423F-8EAF-D3962B7FA8D5}.Ad-Hoc|ARM.ActiveCfg = Debug|Any CPU
		{0D3E617E-0C6A-423F-8EAF-D3962B7FA8D5}.Ad-Hoc|ARM.Build.0 = Debug|Any CPU
		{0D3E617E-0C6A-423F-8EAF-D3962B7FA8D5}.Ad-Hoc|ARM.Deploy.0 = Debug|Any CPU
		{0D3E617E-0C6A-423F-8EAF-D3962B7FA8D5}.Ad-Hoc|iPhone.ActiveCfg = Debug|Any CPU
		{0D3E617E-0C6A-423F-8EAF-D3962B7FA8D5}.Ad-Hoc|iPhone.Build.0 = Debug|Any CPU
		{0D3E617E-0C6A-423F-8EAF-D3962B7FA8D5}.Ad-Hoc|iPhone.Deploy.0 = Debug|Any CPU
		{0D3E617E-0C6A-423F-8EAF-D3962B7FA8D5}.Ad-Hoc|iPhoneSimulator.ActiveCfg = Debug|Any CPU
		{0D3E617E-0C6A-423F-8EAF-D3962B7FA8D5}.Ad-Hoc|iPhoneSimulator.Build.0 = Debug|Any CPU
		{0D3E617E-0C6A-423F-8EAF-D3962B7FA8D5}.Ad-Hoc|iPhoneSimulator.Deploy.0 = Debug|Any CPU
		{0D3E617E-0C6A-423F-8EAF-D3962B7FA8D5}.Ad-Hoc|x64.ActiveCfg = Debug|Any CPU
		{0D3E617E-0C6A-423F-8EAF-D3962B7FA8D5}.Ad-Hoc|x64.Build.0 = Debug|Any CPU
		{0D3E617E-0C6A-423F-8EAF-D3962B7FA8D5}.Ad-Hoc|x64.Deploy.0 = Debug|Any CPU
		{0D3E617E-0C6A-423F-8EAF-D3962B7FA8D5}.Ad-Hoc|x86.ActiveCfg = Debug|Any CPU
		{0D3E617E-0C6A-423F-8EAF-D3962B7FA8D5}.Ad-Hoc|x86.Build.0 = Debug|Any CPU
		{0D3E617E-0C6A-423F-8EAF-D3962B7FA8D5}.Ad-Hoc|x86.Deploy.0 = Debug|Any CPU
		{0D3E617E-0C6A-423F-8EAF-D3962B7FA8D5}.AppStore|Any CPU.ActiveCfg = Debug|Any CPU
		{0D3E617E-0C6A-423F-8EAF-D3962B7FA8D5}.AppStore|Any CPU.Build.0 = Debug|Any CPU
		{0D3E617E-0C6A-423F-8EAF-D3962B7FA8D5}.AppStore|Any CPU.Deploy.0 = Debug|Any CPU
		{0D3E617E-0C6A-423F-8EAF-D3962B7FA8D5}.AppStore|ARM.ActiveCfg = Debug|Any CPU
		{0D3E617E-0C6A-423F-8EAF-D3962B7FA8D5}.AppStore|ARM.Build.0 = Debug|Any CPU
		{0D3E617E-0C6A-423F-8EAF-D3962B7FA8D5}.AppStore|ARM.Deploy.0 = Debug|Any CPU
		{0D3E617E-0C6A-423F-8EAF-D3962B7FA8D5}.AppStore|iPhone.ActiveCfg = Debug|Any CPU
		{0D3E617E-0C6A-423F-8EAF-D3962B7FA8D5}.AppStore|iPhone.Build.0 = Debug|Any CPU
		{0D3E617E-0C6A-423F-8EAF-D3962B7FA8D5}.AppStore|iPhone.Deploy.0 = Debug|Any CPU
		{0D3E617E-0C6A-423F-8EAF-D3962B7FA8D5}.AppStore|iPhoneSimulator.ActiveCfg = Debug|Any CPU
		{0D3E617E-0C6A-423F-8EAF-D3962B7FA8D5}.AppStore|iPhoneSimulator.Build.0 = Debug|Any CPU
		{0D3E617E-0C6A-423F-8EAF-D3962B7FA8D5}.AppStore|iPhoneSimulator.Deploy.0 = Debug|Any CPU
		{0D3E617E-0C6A-423F-8EAF-D3962B7FA8D5}.AppStore|x64.ActiveCfg = Debug|Any CPU
		{0D3E617E-0C6A-423F-8EAF-D3962B7FA8D5}.AppStore|x64.Build.0 = Debug|Any CPU
		{0D3E617E-0C6A-423F-8EAF-D3962B7FA8D5}.AppStore|x64.Deploy.0 = Debug|Any CPU
		{0D3E617E-0C6A-423F-8EAF-D3962B7FA8D5}.AppStore|x86.ActiveCfg = Debug|Any CPU
		{0D3E617E-0C6A-423F-8EAF-D3962B7FA8D5}.AppStore|x86.Build.0 = Debug|Any CPU
		{0D3E617E-0C6A-423F-8EAF-D3962B7FA8D5}.AppStore|x86.Deploy.0 = Debug|Any CPU
		{0D3E617E-0C6A-423F-8EAF-D3962B7FA8D5}.Debug|Any CPU.ActiveCfg = Debug|Any CPU
		{0D3E617E-0C6A-423F-8EAF-D3962B7FA8D5}.Debug|Any CPU.Build.0 = Debug|Any CPU
		{0D3E617E-0C6A-423F-8EAF-D3962B7FA8D5}.Debug|Any CPU.Deploy.0 = Debug|Any CPU
		{0D3E617E-0C6A-423F-8EAF-D3962B7FA8D5}.Debug|ARM.ActiveCfg = Debug|Any CPU
		{0D3E617E-0C6A-423F-8EAF-D3962B7FA8D5}.Debug|ARM.Build.0 = Debug|Any CPU
		{0D3E617E-0C6A-423F-8EAF-D3962B7FA8D5}.Debug|ARM.Deploy.0 = Debug|Any CPU
		{0D3E617E-0C6A-423F-8EAF-D3962B7FA8D5}.Debug|iPhone.ActiveCfg = Debug|Any CPU
		{0D3E617E-0C6A-423F-8EAF-D3962B7FA8D5}.Debug|iPhone.Build.0 = Debug|Any CPU
		{0D3E617E-0C6A-423F-8EAF-D3962B7FA8D5}.Debug|iPhone.Deploy.0 = Debug|Any CPU
		{0D3E617E-0C6A-423F-8EAF-D3962B7FA8D5}.Debug|iPhoneSimulator.ActiveCfg = Debug|Any CPU
		{0D3E617E-0C6A-423F-8EAF-D3962B7FA8D5}.Debug|iPhoneSimulator.Build.0 = Debug|Any CPU
		{0D3E617E-0C6A-423F-8EAF-D3962B7FA8D5}.Debug|iPhoneSimulator.Deploy.0 = Debug|Any CPU
		{0D3E617E-0C6A-423F-8EAF-D3962B7FA8D5}.Debug|x64.ActiveCfg = Debug|Any CPU
		{0D3E617E-0C6A-423F-8EAF-D3962B7FA8D5}.Debug|x64.Build.0 = Debug|Any CPU
		{0D3E617E-0C6A-423F-8EAF-D3962B7FA8D5}.Debug|x64.Deploy.0 = Debug|Any CPU
		{0D3E617E-0C6A-423F-8EAF-D3962B7FA8D5}.Debug|x86.ActiveCfg = Debug|Any CPU
		{0D3E617E-0C6A-423F-8EAF-D3962B7FA8D5}.Debug|x86.Build.0 = Debug|Any CPU
		{0D3E617E-0C6A-423F-8EAF-D3962B7FA8D5}.Debug|x86.Deploy.0 = Debug|Any CPU
		{0D3E617E-0C6A-423F-8EAF-D3962B7FA8D5}.Release|Any CPU.ActiveCfg = Release|Any CPU
		{0D3E617E-0C6A-423F-8EAF-D3962B7FA8D5}.Release|Any CPU.Build.0 = Release|Any CPU
		{0D3E617E-0C6A-423F-8EAF-D3962B7FA8D5}.Release|Any CPU.Deploy.0 = Release|Any CPU
		{0D3E617E-0C6A-423F-8EAF-D3962B7FA8D5}.Release|ARM.ActiveCfg = Release|Any CPU
		{0D3E617E-0C6A-423F-8EAF-D3962B7FA8D5}.Release|ARM.Build.0 = Release|Any CPU
		{0D3E617E-0C6A-423F-8EAF-D3962B7FA8D5}.Release|ARM.Deploy.0 = Release|Any CPU
		{0D3E617E-0C6A-423F-8EAF-D3962B7FA8D5}.Release|iPhone.ActiveCfg = Release|Any CPU
		{0D3E617E-0C6A-423F-8EAF-D3962B7FA8D5}.Release|iPhone.Build.0 = Release|Any CPU
		{0D3E617E-0C6A-423F-8EAF-D3962B7FA8D5}.Release|iPhone.Deploy.0 = Release|Any CPU
		{0D3E617E-0C6A-423F-8EAF-D3962B7FA8D5}.Release|iPhoneSimulator.ActiveCfg = Release|Any CPU
		{0D3E617E-0C6A-423F-8EAF-D3962B7FA8D5}.Release|iPhoneSimulator.Build.0 = Release|Any CPU
		{0D3E617E-0C6A-423F-8EAF-D3962B7FA8D5}.Release|iPhoneSimulator.Deploy.0 = Release|Any CPU
		{0D3E617E-0C6A-423F-8EAF-D3962B7FA8D5}.Release|x64.ActiveCfg = Release|Any CPU
		{0D3E617E-0C6A-423F-8EAF-D3962B7FA8D5}.Release|x64.Build.0 = Release|Any CPU
		{0D3E617E-0C6A-423F-8EAF-D3962B7FA8D5}.Release|x64.Deploy.0 = Release|Any CPU
		{0D3E617E-0C6A-423F-8EAF-D3962B7FA8D5}.Release|x86.ActiveCfg = Release|Any CPU
		{0D3E617E-0C6A-423F-8EAF-D3962B7FA8D5}.Release|x86.Build.0 = Release|Any CPU
		{0D3E617E-0C6A-423F-8EAF-D3962B7FA8D5}.Release|x86.Deploy.0 = Release|Any CPU
		{55C214C8-2C17-485C-AB5A-6DBC616A2030}.Ad-Hoc|Any CPU.ActiveCfg = Debug|Any CPU
		{55C214C8-2C17-485C-AB5A-6DBC616A2030}.Ad-Hoc|Any CPU.Build.0 = Debug|Any CPU
		{55C214C8-2C17-485C-AB5A-6DBC616A2030}.Ad-Hoc|ARM.ActiveCfg = Debug|Any CPU
		{55C214C8-2C17-485C-AB5A-6DBC616A2030}.Ad-Hoc|ARM.Build.0 = Debug|Any CPU
		{55C214C8-2C17-485C-AB5A-6DBC616A2030}.Ad-Hoc|iPhone.ActiveCfg = Debug|Any CPU
		{55C214C8-2C17-485C-AB5A-6DBC616A2030}.Ad-Hoc|iPhone.Build.0 = Debug|Any CPU
		{55C214C8-2C17-485C-AB5A-6DBC616A2030}.Ad-Hoc|iPhoneSimulator.ActiveCfg = Debug|Any CPU
		{55C214C8-2C17-485C-AB5A-6DBC616A2030}.Ad-Hoc|iPhoneSimulator.Build.0 = Debug|Any CPU
		{55C214C8-2C17-485C-AB5A-6DBC616A2030}.Ad-Hoc|x64.ActiveCfg = Debug|Any CPU
		{55C214C8-2C17-485C-AB5A-6DBC616A2030}.Ad-Hoc|x64.Build.0 = Debug|Any CPU
		{55C214C8-2C17-485C-AB5A-6DBC616A2030}.Ad-Hoc|x86.ActiveCfg = Debug|Any CPU
		{55C214C8-2C17-485C-AB5A-6DBC616A2030}.Ad-Hoc|x86.Build.0 = Debug|Any CPU
		{55C214C8-2C17-485C-AB5A-6DBC616A2030}.AppStore|Any CPU.ActiveCfg = Debug|Any CPU
		{55C214C8-2C17-485C-AB5A-6DBC616A2030}.AppStore|Any CPU.Build.0 = Debug|Any CPU
		{55C214C8-2C17-485C-AB5A-6DBC616A2030}.AppStore|ARM.ActiveCfg = Debug|Any CPU
		{55C214C8-2C17-485C-AB5A-6DBC616A2030}.AppStore|ARM.Build.0 = Debug|Any CPU
		{55C214C8-2C17-485C-AB5A-6DBC616A2030}.AppStore|iPhone.ActiveCfg = Debug|Any CPU
		{55C214C8-2C17-485C-AB5A-6DBC616A2030}.AppStore|iPhone.Build.0 = Debug|Any CPU
		{55C214C8-2C17-485C-AB5A-6DBC616A2030}.AppStore|iPhoneSimulator.ActiveCfg = Debug|Any CPU
		{55C214C8-2C17-485C-AB5A-6DBC616A2030}.AppStore|iPhoneSimulator.Build.0 = Debug|Any CPU
		{55C214C8-2C17-485C-AB5A-6DBC616A2030}.AppStore|x64.ActiveCfg = Debug|Any CPU
		{55C214C8-2C17-485C-AB5A-6DBC616A2030}.AppStore|x64.Build.0 = Debug|Any CPU
		{55C214C8-2C17-485C-AB5A-6DBC616A2030}.AppStore|x86.ActiveCfg = Debug|Any CPU
		{55C214C8-2C17-485C-AB5A-6DBC616A2030}.AppStore|x86.Build.0 = Debug|Any CPU
		{55C214C8-2C17-485C-AB5A-6DBC616A2030}.Debug|Any CPU.ActiveCfg = Debug|Any CPU
		{55C214C8-2C17-485C-AB5A-6DBC616A2030}.Debug|Any CPU.Build.0 = Debug|Any CPU
		{55C214C8-2C17-485C-AB5A-6DBC616A2030}.Debug|ARM.ActiveCfg = Debug|Any CPU
		{55C214C8-2C17-485C-AB5A-6DBC616A2030}.Debug|ARM.Build.0 = Debug|Any CPU
		{55C214C8-2C17-485C-AB5A-6DBC616A2030}.Debug|iPhone.ActiveCfg = Debug|Any CPU
		{55C214C8-2C17-485C-AB5A-6DBC616A2030}.Debug|iPhone.Build.0 = Debug|Any CPU
		{55C214C8-2C17-485C-AB5A-6DBC616A2030}.Debug|iPhoneSimulator.ActiveCfg = Debug|Any CPU
		{55C214C8-2C17-485C-AB5A-6DBC616A2030}.Debug|iPhoneSimulator.Build.0 = Debug|Any CPU
		{55C214C8-2C17-485C-AB5A-6DBC616A2030}.Debug|x64.ActiveCfg = Debug|Any CPU
		{55C214C8-2C17-485C-AB5A-6DBC616A2030}.Debug|x64.Build.0 = Debug|Any CPU
		{55C214C8-2C17-485C-AB5A-6DBC616A2030}.Debug|x86.ActiveCfg = Debug|Any CPU
		{55C214C8-2C17-485C-AB5A-6DBC616A2030}.Debug|x86.Build.0 = Debug|Any CPU
		{55C214C8-2C17-485C-AB5A-6DBC616A2030}.Release|Any CPU.ActiveCfg = Release|Any CPU
		{55C214C8-2C17-485C-AB5A-6DBC616A2030}.Release|Any CPU.Build.0 = Release|Any CPU
		{55C214C8-2C17-485C-AB5A-6DBC616A2030}.Release|ARM.ActiveCfg = Release|Any CPU
		{55C214C8-2C17-485C-AB5A-6DBC616A2030}.Release|ARM.Build.0 = Release|Any CPU
		{55C214C8-2C17-485C-AB5A-6DBC616A2030}.Release|iPhone.ActiveCfg = Release|Any CPU
		{55C214C8-2C17-485C-AB5A-6DBC616A2030}.Release|iPhone.Build.0 = Release|Any CPU
		{55C214C8-2C17-485C-AB5A-6DBC616A2030}.Release|iPhoneSimulator.ActiveCfg = Release|Any CPU
		{55C214C8-2C17-485C-AB5A-6DBC616A2030}.Release|iPhoneSimulator.Build.0 = Release|Any CPU
		{55C214C8-2C17-485C-AB5A-6DBC616A2030}.Release|x64.ActiveCfg = Release|Any CPU
		{55C214C8-2C17-485C-AB5A-6DBC616A2030}.Release|x64.Build.0 = Release|Any CPU
		{55C214C8-2C17-485C-AB5A-6DBC616A2030}.Release|x86.ActiveCfg = Release|Any CPU
		{55C214C8-2C17-485C-AB5A-6DBC616A2030}.Release|x86.Build.0 = Release|Any CPU
	EndGlobalSection
	GlobalSection(SolutionProperties) = preSolution
		HideSolutionNode = FALSE
	EndGlobalSection
	GlobalSection(ExtensibilityGlobals) = postSolution
		SolutionGuid = {936B4AB8-7982-438D-9FD1-32AEEE7A943D}
	EndGlobalSection
EndGlobal
